
Microsoft Visual Studio Solution File, Format Version 12.00
# Visual Studio Version 16
VisualStudioVersion = 16.0.31624.102
MinimumVisualStudioVersion = 10.0.40219.1
Project("{FAE04EC0-301F-11D3-BF4B-00C04F79EFBC}") = "Project.aspx", "Project.aspx\Project.aspx.csproj", "{253CE62D-8F16-44DB-91D4-E3BCF204F432}"
EndProject
Global
	GlobalSection(SolutionConfigurationPlatforms) = preSolution
		Debug|Any CPU = Debug|Any CPU
		Release|Any CPU = Release|Any CPU
	EndGlobalSection
	GlobalSection(ProjectConfigurationPlatforms) = postSolution
		{253CE62D-8F16-44DB-91D4-E3BCF204F432}.Debug|Any CPU.ActiveCfg = Debug|Any CPU
		{253CE62D-8F16-44DB-91D4-E3BCF204F432}.Debug|Any CPU.Build.0 = Debug|Any CPU
		{253CE62D-8F16-44DB-91D4-E3BCF204F432}.Release|Any CPU.ActiveCfg = Release|Any CPU
		{253CE62D-8F16-44DB-91D4-E3BCF204F432}.Release|Any CPU.Build.0 = Release|Any CPU
	EndGlobalSection
	GlobalSection(SolutionProperties) = preSolution
		HideSolutionNode = FALSE
	EndGlobalSection
	GlobalSection(ExtensibilityGlobals) = postSolution
		SolutionGuid = {204C4CAA-9B62-4F96-A663-37A07AEDC387}
	EndGlobalSection
EndGlobal
